
Microsoft Visual Studio Solution File, Format Version 12.00
# Visual Studio Version 16
VisualStudioVersion = 16.0.31205.134
MinimumVisualStudioVersion = 10.0.40219.1
Project("{FAE04EC0-301F-11D3-BF4B-00C04F79EFBC}") = "Csv.ConsoleApp", "Csv.ConsoleApp\Csv.ConsoleApp.csproj", "{1DBC70D2-78E7-4859-AB20-78316681291B}"
EndProject
Global
	GlobalSection(SolutionConfigurationPlatforms) = preSolution
		Debug|Any CPU = Debug|Any CPU
		Release|Any CPU = Release|Any CPU
	EndGlobalSection
	GlobalSection(ProjectConfigurationPlatforms) = postSolution
		{1DBC70D2-78E7-4859-AB20-78316681291B}.Debug|Any CPU.ActiveCfg = Debug|Any CPU
		{1DBC70D2-78E7-4859-AB20-78316681291B}.Debug|Any CPU.Build.0 = Debug|Any CPU
		{1DBC70D2-78E7-4859-AB20-78316681291B}.Release|Any CPU.ActiveCfg = Release|Any CPU
		{1DBC70D2-78E7-4859-AB20-78316681291B}.Release|Any CPU.Build.0 = Release|Any CPU
	EndGlobalSection
	GlobalSection(SolutionProperties) = preSolution
		HideSolutionNode = FALSE
	EndGlobalSection
	GlobalSection(ExtensibilityGlobals) = postSolution
		SolutionGuid = {CFF5523B-5B8E-425A-B3DB-79276621606E}
	EndGlobalSection
EndGlobal
